github.com/ecoshub/machine v1.0.0-0.0.0-d h1:XVQX0XQrKFlgoSNqPdT7vm2ZJSvcvgIclnWD+2e+8+c=
github.com/ecoshub/machine v1.0.0-0.0.0-d/go.mod h1:Q8y00iJv8uqEVcA5Szd+dCqi5/Ar+XdNdkW56NdBHFs=
github.com/ecoshub/machine v1.0.1-0.0.0-d h1:Cgw0dY20HAE4xR16oJf88+IU6ZSESIcJBE3B+u7GgHM=
github.com/ecoshub/machine v1.0.1-0.0.0-d/go.mod h1:Q8y00iJv8uqEVcA5Szd+dCqi5/Ar+XdNdkW56NdBHFs=
